
Microsoft Visual Studio Solution File, Format Version 12.00
# Visual Studio Version 17
VisualStudioVersion = 17.6.33712.159
MinimumVisualStudioVersion = 10.0.40219.1
Project("{FAE04EC0-301F-11D3-BF4B-00C04F79EFBC}") = "CEMI.Server", "CEMI\Server\CEMI.Server.csproj", "{96232102-CDB0-4840-AF8D-74932116EC20}"
EndProject
Project("{FAE04EC0-301F-11D3-BF4B-00C04F79EFBC}") = "CEMI.Client", "CEMI\Client\CEMI.Client.csproj", "{4011375E-8FDE-4DB3-8CCC-BFD921CDF6EC}"
EndProject
Project("{FAE04EC0-301F-11D3-BF4B-00C04F79EFBC}") = "CEMI.Shared", "CEMI\Shared\CEMI.Shared.csproj", "{6175DD9B-2DCE-4F33-82D4-1D1E2B785608}"
EndProject
Global
	GlobalSection(SolutionConfigurationPlatforms) = preSolution
		Debug|Any CPU = Debug|Any CPU
		Release|Any CPU = Release|Any CPU
	EndGlobalSection
	GlobalSection(ProjectConfigurationPlatforms) = postSolution
		{96232102-CDB0-4840-AF8D-74932116EC20}.Debug|Any CPU.ActiveCfg = Debug|Any CPU
		{96232102-CDB0-4840-AF8D-74932116EC20}.Debug|Any CPU.Build.0 = Debug|Any CPU
		{96232102-CDB0-4840-AF8D-74932116EC20}.Release|Any CPU.ActiveCfg = Release|Any CPU
		{96232102-CDB0-4840-AF8D-74932116EC20}.Release|Any CPU.Build.0 = Release|Any CPU
		{4011375E-8FDE-4DB3-8CCC-BFD921CDF6EC}.Debug|Any CPU.ActiveCfg = Debug|Any CPU
		{4011375E-8FDE-4DB3-8CCC-BFD921CDF6EC}.Debug|Any CPU.Build.0 = Debug|Any CPU
		{4011375E-8FDE-4DB3-8CCC-BFD921CDF6EC}.Release|Any CPU.ActiveCfg = Release|Any CPU
		{4011375E-8FDE-4DB3-8CCC-BFD921CDF6EC}.Release|Any CPU.Build.0 = Release|Any CPU
		{6175DD9B-2DCE-4F33-82D4-1D1E2B785608}.Debug|Any CPU.ActiveCfg = Debug|Any CPU
		{6175DD9B-2DCE-4F33-82D4-1D1E2B785608}.Debug|Any CPU.Build.0 = Debug|Any CPU
		{6175DD9B-2DCE-4F33-82D4-1D1E2B785608}.Release|Any CPU.ActiveCfg = Release|Any CPU
		{6175DD9B-2DCE-4F33-82D4-1D1E2B785608}.Release|Any CPU.Build.0 = Release|Any CPU
	EndGlobalSection
	GlobalSection(SolutionProperties) = preSolution
		HideSolutionNode = FALSE
	EndGlobalSection
	GlobalSection(ExtensibilityGlobals) = postSolution
		SolutionGuid = {9B88A55F-29C8-40D0-B93B-94269C6CC6DB}
	EndGlobalSection
EndGlobal
